
Microsoft Visual Studio Solution File, Format Version 12.00
# Visual Studio Version 17
VisualStudioVersion = 17.8.34525.116
MinimumVisualStudioVersion = 10.0.40219.1
Project("{9A19103F-16F7-4668-BE54-9A1E7A4F7556}") = "API", "API\API.csproj", "{AE3B491A-0296-4D42-94D1-AC5D9498CFD2}"
EndProject
Project("{2150E333-8FDC-42A3-9474-1A3956D46DE8}") = "Solution Items", "Solution Items", "{A3435355-7495-4E15-B924-275010561FF0}"
	ProjectSection(SolutionItems) = preProject
		.editorconfig = .editorconfig
	EndProjectSection
EndProject
Project("{FAE04EC0-301F-11D3-BF4B-00C04F79EFBC}") = "API.Tests", "API.Tests\API.Tests.csproj", "{8F27107D-D8EA-434A-A523-DA8C4AF22AE3}"
EndProject
Global
	GlobalSection(SolutionConfigurationPlatforms) = preSolution
		Debug|Any CPU = Debug|Any CPU
		Release|Any CPU = Release|Any CPU
	EndGlobalSection
	GlobalSection(ProjectConfigurationPlatforms) = postSolution
		{AE3B491A-0296-4D42-94D1-AC5D9498CFD2}.Debug|Any CPU.ActiveCfg = Debug|Any CPU
		{AE3B491A-0296-4D42-94D1-AC5D9498CFD2}.Debug|Any CPU.Build.0 = Debug|Any CPU
		{AE3B491A-0296-4D42-94D1-AC5D9498CFD2}.Release|Any CPU.ActiveCfg = Release|Any CPU
		{AE3B491A-0296-4D42-94D1-AC5D9498CFD2}.Release|Any CPU.Build.0 = Release|Any CPU
		{8F27107D-D8EA-434A-A523-DA8C4AF22AE3}.Debug|Any CPU.ActiveCfg = Debug|Any CPU
		{8F27107D-D8EA-434A-A523-DA8C4AF22AE3}.Debug|Any CPU.Build.0 = Debug|Any CPU
		{8F27107D-D8EA-434A-A523-DA8C4AF22AE3}.Release|Any CPU.ActiveCfg = Release|Any CPU
		{8F27107D-D8EA-434A-A523-DA8C4AF22AE3}.Release|Any CPU.Build.0 = Release|Any CPU
	EndGlobalSection
	GlobalSection(SolutionProperties) = preSolution
		HideSolutionNode = FALSE
	EndGlobalSection
	GlobalSection(ExtensibilityGlobals) = postSolution
		SolutionGuid = {DDD62B7B-AB5E-4CFA-B1DF-8C9F097C6654}
	EndGlobalSection
EndGlobal
